{
    "_readme": [
        "This file locks the dependencies of your project to a known state",
        "Read more about it at https://getcomposer.org/doc/01-basic-usage.md#composer-lock-the-lock-file",
        "This file is @generated automatically"
    ],
    "hash": "8d9a94ceff3d7fb1416f0eab46b1d39c",
    "content-hash": "1b76ca4509ad8e0a9a099d77f8f86232",
    "packages": [
        {
            "name": "bolt/sitemap",
            "version": "1.0.4",
            "source": {
                "type": "git",
                "url": "https://github.com/bolt/Sitemap.git",
                "reference": "b0628ab7bf0e700b8e23603ec0f5dad7a2147bdb"
            },
            "dist": {
                "type": "zip",
                "url": "https://api.github.com/repos/bolt/Sitemap/zipball/b0628ab7bf0e700b8e23603ec0f5dad7a2147bdb",
                "reference": "b0628ab7bf0e700b8e23603ec0f5dad7a2147bdb",
                "shasum": ""
            },
            "require": {
                "bolt/bolt": ">=2.0.0,<3.0.0"
            },
            "type": "bolt-extension",
            "extra": {
                "bolt-icon": "assets/icon-sitemap.png"
            },
            "autoload": {
                "files": [
                    "init.php"
                ],
                "psr-4": {
                    "Bolt\\Extension\\Bolt\\Sitemap\\": ""
                }
            },
            "license": [
                "MIT"
            ],
            "authors": [
                {
                    "name": "Bob den Otter",
                    "email": "bob@twokings.nl"
                },
                {
                    "name": "Patrick van Kouteren",
                    "email": "info@wedesignit.nl"
                }
            ],
            "description": "An extension to create XML sitemaps for your Bolt website.",
            "keywords": [
                "SEO",
                "sitemap"
            ],
            "support": {
                "source": "https://github.com/bolt/Sitemap/tree/1.0.4",
                "issues": "https://github.com/bolt/Sitemap/issues"
            },
            "time": "2015-09-12 11:20:30"
        }
    ],
    "packages-dev": [],
    "aliases": [],
    "minimum-stability": "stable",
    "stability-flags": [],
    "prefer-stable": true,
    "prefer-lowest": false,
    "platform": [],
    "platform-dev": []
}
